
Microsoft Visual Studio Solution File, Format Version 12.00
Project("{FAE04EC0-301F-11D3-BF4B-00C04F79EFBC}") = "CHDSharpLib", "CHDSharpLib\CHDSharpLib.csproj", "{A2A5218C-E382-470A-AAA7-C8D1BB0C578C}"
EndProject
Project("{FAE04EC0-301F-11D3-BF4B-00C04F79EFBC}") = "CHDSharpCli", "CHDSharpCli\CHDSharpCli.csproj", "{B5C1D3E4-F6A7-4B89-C0D1-E2F3A4B5C6D7}"
EndProject
Project("{FAE04EC0-301F-11D3-BF4B-00C04F79EFBC}") = "CHDSharpTest", "CHDSharpTest\CHDSharpTest.csproj", "{A48A9E6D-E855-4467-BCAE-832F9EF35567}"
EndProject
Project("{FAE04EC0-301F-11D3-BF4B-00C04F79EFBC}") = "CHDSharpTester", "CHDSharpTester\CHDSharpTester.csproj", "{952E2D2D-C029-440E-AA63-B0B0E284D97B}"
EndProject
Project("{FAE04EC0-301F-11D3-BF4B-00C04F79EFBC}") = "CHDSharpTestGen", "CHDSharpTestGen\CHDSharpTestGen.csproj", "{EF6C4698-5ECC-4EAE-80C2-0993FA8D92D6}"
EndProject
Global
	GlobalSection(SolutionConfigurationPlatforms) = preSolution
		Debug|Any CPU = Debug|Any CPU
		Debug|x64 = Debug|x64
		Debug|x86 = Debug|x86
		Release|Any CPU = Release|Any CPU
		Release|x64 = Release|x64
		Release|x86 = Release|x86
	EndGlobalSection
	GlobalSection(ProjectConfigurationPlatforms) = postSolution
		{A2A5218C-E382-470A-AAA7-C8D1BB0C578C}.Debug|Any CPU.ActiveCfg = Debug|Any CPU
		{A2A5218C-E382-470A-AAA7-C8D1BB0C578C}.Debug|Any CPU.Build.0 = Debug|Any CPU
		{A2A5218C-E382-470A-AAA7-C8D1BB0C578C}.Debug|x64.ActiveCfg = Debug|Any CPU
		{A2A5218C-E382-470A-AAA7-C8D1BB0C578C}.Debug|x64.Build.0 = Debug|Any CPU
		{A2A5218C-E382-470A-AAA7-C8D1BB0C578C}.Debug|x86.ActiveCfg = Debug|Any CPU
		{A2A5218C-E382-470A-AAA7-C8D1BB0C578C}.Debug|x86.Build.0 = Debug|Any CPU
		{A2A5218C-E382-470A-AAA7-C8D1BB0C578C}.Release|Any CPU.ActiveCfg = Release|Any CPU
		{A2A5218C-E382-470A-AAA7-C8D1BB0C578C}.Release|Any CPU.Build.0 = Release|Any CPU
		{A2A5218C-E382-470A-AAA7-C8D1BB0C578C}.Release|x64.ActiveCfg = Release|Any CPU
		{A2A5218C-E382-470A-AAA7-C8D1BB0C578C}.Release|x64.Build.0 = Release|Any CPU
		{A2A5218C-E382-470A-AAA7-C8D1BB0C578C}.Release|x86.ActiveCfg = Release|Any CPU
		{A2A5218C-E382-470A-AAA7-C8D1BB0C578C}.Release|x86.Build.0 = Release|Any CPU
		{B5C1D3E4-F6A7-4B89-C0D1-E2F3A4B5C6D7}.Debug|Any CPU.ActiveCfg = Debug|Any CPU
		{B5C1D3E4-F6A7-4B89-C0D1-E2F3A4B5C6D7}.Debug|Any CPU.Build.0 = Debug|Any CPU
		{B5C1D3E4-F6A7-4B89-C0D1-E2F3A4B5C6D7}.Debug|x64.ActiveCfg = Debug|Any CPU
		{B5C1D3E4-F6A7-4B89-C0D1-E2F3A4B5C6D7}.Debug|x64.Build.0 = Debug|Any CPU
		{B5C1D3E4-F6A7-4B89-C0D1-E2F3A4B5C6D7}.Debug|x86.ActiveCfg = Debug|Any CPU
		{B5C1D3E4-F6A7-4B89-C0D1-E2F3A4B5C6D7}.Debug|x86.Build.0 = Debug|Any CPU
		{B5C1D3E4-F6A7-4B89-C0D1-E2F3A4B5C6D7}.Release|Any CPU.ActiveCfg = Release|Any CPU
		{B5C1D3E4-F6A7-4B89-C0D1-E2F3A4B5C6D7}.Release|Any CPU.Build.0 = Release|Any CPU
		{B5C1D3E4-F6A7-4B89-C0D1-E2F3A4B5C6D7}.Release|x64.ActiveCfg = Release|Any CPU
		{B5C1D3E4-F6A7-4B89-C0D1-E2F3A4B5C6D7}.Release|x64.Build.0 = Release|Any CPU
		{B5C1D3E4-F6A7-4B89-C0D1-E2F3A4B5C6D7}.Release|x86.ActiveCfg = Release|Any CPU
		{B5C1D3E4-F6A7-4B89-C0D1-E2F3A4B5C6D7}.Release|x86.Build.0 = Release|Any CPU
		{A48A9E6D-E855-4467-BCAE-832F9EF35567}.Debug|Any CPU.ActiveCfg = Debug|Any CPU
		{A48A9E6D-E855-4467-BCAE-832F9EF35567}.Debug|Any CPU.Build.0 = Debug|Any CPU
		{A48A9E6D-E855-4467-BCAE-832F9EF35567}.Debug|x64.ActiveCfg = Debug|Any CPU
		{A48A9E6D-E855-4467-BCAE-832F9EF35567}.Debug|x64.Build.0 = Debug|Any CPU
		{A48A9E6D-E855-4467-BCAE-832F9EF35567}.Debug|x86.ActiveCfg = Debug|Any CPU
		{A48A9E6D-E855-4467-BCAE-832F9EF35567}.Debug|x86.Build.0 = Debug|Any CPU
		{A48A9E6D-E855-4467-BCAE-832F9EF35567}.Release|Any CPU.ActiveCfg = Release|Any CPU
		{A48A9E6D-E855-4467-BCAE-832F9EF35567}.Release|Any CPU.Build.0 = Release|Any CPU
		{A48A9E6D-E855-4467-BCAE-832F9EF35567}.Release|x64.ActiveCfg = Release|Any CPU
		{A48A9E6D-E855-4467-BCAE-832F9EF35567}.Release|x64.Build.0 = Release|Any CPU
		{A48A9E6D-E855-4467-BCAE-832F9EF35567}.Release|x86.ActiveCfg = Release|Any CPU
		{A48A9E6D-E855-4467-BCAE-832F9EF35567}.Release|x86.Build.0 = Release|Any CPU
		{952E2D2D-C029-440E-AA63-B0B0E284D97B}.Debug|Any CPU.ActiveCfg = Debug|Any CPU
		{952E2D2D-C029-440E-AA63-B0B0E284D97B}.Debug|Any CPU.Build.0 = Debug|Any CPU
		{952E2D2D-C029-440E-AA63-B0B0E284D97B}.Debug|x64.ActiveCfg = Debug|Any CPU
		{952E2D2D-C029-440E-AA63-B0B0E284D97B}.Debug|x64.Build.0 = Debug|Any CPU
		{952E2D2D-C029-440E-AA63-B0B0E284D97B}.Debug|x86.ActiveCfg = Debug|Any CPU
		{952E2D2D-C029-440E-AA63-B0B0E284D97B}.Debug|x86.Build.0 = Debug|Any CPU
		{952E2D2D-C029-440E-AA63-B0B0E284D97B}.Release|Any CPU.ActiveCfg = Release|Any CPU
		{952E2D2D-C029-440E-AA63-B0B0E284D97B}.Release|Any CPU.Build.0 = Release|Any CPU
		{952E2D2D-C029-440E-AA63-B0B0E284D97B}.Release|x64.ActiveCfg = Release|Any CPU
		{952E2D2D-C029-440E-AA63-B0B0E284D97B}.Release|x64.Build.0 = Release|Any CPU
		{952E2D2D-C029-440E-AA63-B0B0E284D97B}.Release|x86.ActiveCfg = Release|Any CPU
		{952E2D2D-C029-440E-AA63-B0B0E284D97B}.Release|x86.Build.0 = Release|Any CPU
		{EF6C4698-5ECC-4EAE-80C2-0993FA8D92D6}.Debug|Any CPU.ActiveCfg = Debug|Any CPU
		{EF6C4698-5ECC-4EAE-80C2-0993FA8D92D6}.Debug|Any CPU.Build.0 = Debug|Any CPU
		{EF6C4698-5ECC-4EAE-80C2-0993FA8D92D6}.Debug|x64.ActiveCfg = Debug|Any CPU
		{EF6C4698-5ECC-4EAE-80C2-0993FA8D92D6}.Debug|x64.Build.0 = Debug|Any CPU
		{EF6C4698-5ECC-4EAE-80C2-0993FA8D92D6}.Debug|x86.ActiveCfg = Debug|Any CPU
		{EF6C4698-5ECC-4EAE-80C2-0993FA8D92D6}.Debug|x86.Build.0 = Debug|Any CPU
		{EF6C4698-5ECC-4EAE-80C2-0993FA8D92D6}.Release|Any CPU.ActiveCfg = Release|Any CPU
		{EF6C4698-5ECC-4EAE-80C2-0993FA8D92D6}.Release|Any CPU.Build.0 = Release|Any CPU
		{EF6C4698-5ECC-4EAE-80C2-0993FA8D92D6}.Release|x64.ActiveCfg = Release|Any CPU
		{EF6C4698-5ECC-4EAE-80C2-0993FA8D92D6}.Release|x64.Build.0 = Release|Any CPU
		{EF6C4698-5ECC-4EAE-80C2-0993FA8D92D6}.Release|x86.ActiveCfg = Release|Any CPU
		{EF6C4698-5ECC-4EAE-80C2-0993FA8D92D6}.Release|x86.Build.0 = Release|Any CPU
	EndGlobalSection
	GlobalSection(SolutionProperties) = preSolution
		HideSolutionNode = FALSE
	EndGlobalSection
EndGlobal
